
Microsoft Visual Studio Solution File, Format Version 12.00
# Visual Studio Version 17
VisualStudioVersion = 17.2.32526.322
MinimumVisualStudioVersion = 10.0.40219.1
Project("{FAE04EC0-301F-11D3-BF4B-00C04F79EFBC}") = "SecureRelay", "SecureRelay\SecureRelay.csproj", "{D2C197C1-6901-4628-AE91-326AEA2E3E95}"
EndProject
Project("{FAE04EC0-301F-11D3-BF4B-00C04F79EFBC}") = "ConsoleTests", "ConsoleTests\ConsoleTests.csproj", "{1D6849C6-0984-4C54-972D-4E9C3098C2C8}"
EndProject
Global
	GlobalSection(SolutionConfigurationPlatforms) = preSolution
		Debug|Any CPU = Debug|Any CPU
		Release|Any CPU = Release|Any CPU
	EndGlobalSection
	GlobalSection(ProjectConfigurationPlatforms) = postSolution
		{D2C197C1-6901-4628-AE91-326AEA2E3E95}.Debug|Any CPU.ActiveCfg = Debug|Any CPU
		{D2C197C1-6901-4628-AE91-326AEA2E3E95}.Debug|Any CPU.Build.0 = Debug|Any CPU
		{D2C197C1-6901-4628-AE91-326AEA2E3E95}.Release|Any CPU.ActiveCfg = Release|Any CPU
		{D2C197C1-6901-4628-AE91-326AEA2E3E95}.Release|Any CPU.Build.0 = Release|Any CPU
		{1D6849C6-0984-4C54-972D-4E9C3098C2C8}.Debug|Any CPU.ActiveCfg = Debug|Any CPU
		{1D6849C6-0984-4C54-972D-4E9C3098C2C8}.Debug|Any CPU.Build.0 = Debug|Any CPU
		{1D6849C6-0984-4C54-972D-4E9C3098C2C8}.Release|Any CPU.ActiveCfg = Release|Any CPU
		{1D6849C6-0984-4C54-972D-4E9C3098C2C8}.Release|Any CPU.Build.0 = Release|Any CPU
	EndGlobalSection
	GlobalSection(SolutionProperties) = preSolution
		HideSolutionNode = FALSE
	EndGlobalSection
	GlobalSection(ExtensibilityGlobals) = postSolution
		SolutionGuid = {AC9963A7-E633-4749-A7AA-2AB0D7271DE8}
	EndGlobalSection
EndGlobal
